
Microsoft Visual Studio Solution File, Format Version 12.00
# Visual Studio Version 17
VisualStudioVersion = 17.2.32630.192
MinimumVisualStudioVersion = 10.0.40219.1
Project("{FAE04EC0-301F-11D3-BF4B-00C04F79EFBC}") = "ProjetoCalc", "ProjetoCalc\ProjetoCalc.csproj", "{9EFFA983-C33B-472B-84A7-D4A8B38CBD16}"
EndProject
Global
	GlobalSection(SolutionConfigurationPlatforms) = preSolution
		Debug|Any CPU = Debug|Any CPU
		Release|Any CPU = Release|Any CPU
	EndGlobalSection
	GlobalSection(ProjectConfigurationPlatforms) = postSolution
		{9EFFA983-C33B-472B-84A7-D4A8B38CBD16}.Debug|Any CPU.ActiveCfg = Debug|Any CPU
		{9EFFA983-C33B-472B-84A7-D4A8B38CBD16}.Debug|Any CPU.Build.0 = Debug|Any CPU
		{9EFFA983-C33B-472B-84A7-D4A8B38CBD16}.Release|Any CPU.ActiveCfg = Release|Any CPU
		{9EFFA983-C33B-472B-84A7-D4A8B38CBD16}.Release|Any CPU.Build.0 = Release|Any CPU
	EndGlobalSection
	GlobalSection(SolutionProperties) = preSolution
		HideSolutionNode = FALSE
	EndGlobalSection
	GlobalSection(ExtensibilityGlobals) = postSolution
		SolutionGuid = {99241663-8460-4678-A579-D14DB7705812}
	EndGlobalSection
EndGlobal
